// !$*UTF8*$!
{
	archiveVersion = 1;
	classes = {
	};
	objectVersion = 77;
	objects = {

/* Begin PBXBuildFile section */
		CB4A575C2F572DBB003D3ACE /* WidgetKit.framework in Frameworks */ = {isa = PBXBuildFile; fileRef = CB4A575B2F572DBB003D3ACE /* WidgetKit.framework */; };
		CB4A575E2F572DBB003D3ACE /* SwiftUI.framework in Frameworks */ = {isa = PBXBuildFile; fileRef = CB4A575D2F572DBB003D3ACE /* SwiftUI.framework */; };
		CB4A576F2F572DBC003D3ACE /* EchoMindLiveActivityExtension.appex in Embed Foundation Extensions */ = {isa = PBXBuildFile; fileRef = CB4A57592F572DBB003D3ACE /* EchoMindLiveActivityExtension.appex */; settings = {ATTRIBUTES = (RemoveHeadersOnCopy, ); }; };
		CBBCF76C2F52137F00F68AC4 /* WhisperKit in Frameworks */ = {isa = PBXBuildFile; productRef = CBBCF76B2F52137F00F68AC4 /* WhisperKit */; };
		CBBCF76E2F52137F00F68AC4 /* whisperkit-cli in Frameworks */ = {isa = PBXBuildFile; productRef = CBBCF76D2F52137F00F68AC4 /* whisperkit-cli */; };
		CBBCF7712F5217B400F68AC4 /* ZIPFoundation in Frameworks */ = {isa = PBXBuildFile; productRef = CBBCF7702F5217B400F68AC4 /* ZIPFoundation */; };
/* End PBXBuildFile section */

/* Begin PBXContainerItemProxy section */
		CB4A576D2F572DBC003D3ACE /* PBXContainerItemProxy */ = {
			isa = PBXContainerItemProxy;
			containerPortal = CB0FDE142F502C8600F42130 /* Project object */;
			proxyType = 1;
			remoteGlobalIDString = CB4A57582F572DBB003D3ACE;
			remoteInfo = EchoMindLiveActivityExtension;
		};
/* End PBXContainerItemProxy section */

/* Begin PBXCopyFilesBuildPhase section */
		CB4A57702F572DBC003D3ACE /* Embed Foundation Extensions */ = {
			isa = PBXCopyFilesBuildPhase;
			buildActionMask = 2147483647;
			dstPath = "";
			dstSubfolderSpec = 13;
			files = (
				CB4A576F2F572DBC003D3ACE /* EchoMindLiveActivityExtension.appex in Embed Foundation Extensions */,
			);
			name = "Embed Foundation Extensions";
			runOnlyForDeploymentPostprocessing = 0;
		};
/* End PBXCopyFilesBuildPhase section */

/* Begin PBXFileReference section */
		CB0FDE1C2F502C8600F42130 /* EchoMind.app */ = {isa = PBXFileReference; explicitFileType = wrapper.application; includeInIndex = 0; path = EchoMind.app; sourceTree = BUILT_PRODUCTS_DIR; };
		CB4A57592F572DBB003D3ACE /* EchoMindLiveActivityExtension.appex */ = {isa = PBXFileReference; explicitFileType = "wrapper.app-extension"; includeInIndex = 0; path = EchoMindLiveActivityExtension.appex; sourceTree = BUILT_PRODUCTS_DIR; };
		CB4A575B2F572DBB003D3ACE /* WidgetKit.framework */ = {isa = PBXFileReference; lastKnownFileType = wrapper.framework; name = WidgetKit.framework; path = System/Library/Frameworks/WidgetKit.framework; sourceTree = SDKROOT; };
		CB4A575D2F572DBB003D3ACE /* SwiftUI.framework */ = {isa = PBXFileReference; lastKnownFileType = wrapper.framework; name = SwiftUI.framework; path = System/Library/Frameworks/SwiftUI.framework; sourceTree = SDKROOT; };
/* End PBXFileReference section */

/* Begin PBXFileSystemSynchronizedBuildFileExceptionSet section */
		CB39E7FC2F54A13400401622 /* Exceptions for "EchoMind" folder in "EchoMind" target */ = {
			isa = PBXFileSystemSynchronizedBuildFileExceptionSet;
			membershipExceptions = (
				Info.plist,
			);
			target = CB0FDE1B2F502C8600F42130 /* EchoMind */;
		};
		CB4A57742F572DBC003D3ACE /* Exceptions for "EchoMindLiveActivity" folder in "EchoMindLiveActivityExtension" target */ = {
			isa = PBXFileSystemSynchronizedBuildFileExceptionSet;
			membershipExceptions = (
				Info.plist,
			);
			target = CB4A57582F572DBB003D3ACE /* EchoMindLiveActivityExtension */;
		};
/* End PBXFileSystemSynchronizedBuildFileExceptionSet section */

/* Begin PBXFileSystemSynchronizedRootGroup section */
		CB0FDE1E2F502C8600F42130 /* EchoMind */ = {
			isa = PBXFileSystemSynchronizedRootGroup;
			exceptions = (
				CB39E7FC2F54A13400401622 /* Exceptions for "EchoMind" folder in "EchoMind" target */,
			);
			path = EchoMind;
			sourceTree = "<group>";
		};
		CB4A575F2F572DBB003D3ACE /* EchoMindLiveActivity */ = {
			isa = PBXFileSystemSynchronizedRootGroup;
			exceptions = (
				CB4A57742F572DBC003D3ACE /* Exceptions for "EchoMindLiveActivity" folder in "EchoMindLiveActivityExtension" target */,
			);
			path = EchoMindLiveActivity;
			sourceTree = "<group>";
		};
/* End PBXFileSystemSynchronizedRootGroup section */

/* Begin PBXFrameworksBuildPhase section */
		CB0FDE192F502C8600F42130 /* Frameworks */ = {
			isa = PBXFrameworksBuildPhase;
			buildActionMask = 2147483647;
			files = (
				CBBCF76C2F52137F00F68AC4 /* WhisperKit in Frameworks */,
				CBBCF76E2F52137F00F68AC4 /* whisperkit-cli in Frameworks */,
				CBBCF7712F5217B400F68AC4 /* ZIPFoundation in Frameworks */,
			);
			runOnlyForDeploymentPostprocessing = 0;
		};
		CB4A57562F572DBB003D3ACE /* Frameworks */ = {
			isa = PBXFrameworksBuildPhase;
			buildActionMask = 2147483647;
			files = (
				CB4A575E2F572DBB003D3ACE /* SwiftUI.framework in Frameworks */,
				CB4A575C2F572DBB003D3ACE /* WidgetKit.framework in Frameworks */,
			);
			runOnlyForDeploymentPostprocessing = 0;
		};
/* End PBXFrameworksBuildPhase section */

/* Begin PBXGroup section */
		CB0FDE132F502C8600F42130 = {
			isa = PBXGroup;
			children = (
				CB0FDE1E2F502C8600F42130 /* EchoMind */,
				CB4A575F2F572DBB003D3ACE /* EchoMindLiveActivity */,
				CB4A575A2F572DBB003D3ACE /* Frameworks */,
				CB0FDE1D2F502C8600F42130 /* Products */,
			);
			sourceTree = "<group>";
		};
		CB0FDE1D2F502C8600F42130 /* Products */ = {
			isa = PBXGroup;
			children = (
				CB0FDE1C2F502C8600F42130 /* EchoMind.app */,
				CB4A57592F572DBB003D3ACE /* EchoMindLiveActivityExtension.appex */,
			);
			name = Products;
			sourceTree = "<group>";
		};
		CB4A575A2F572DBB003D3ACE /* Frameworks */ = {
			isa = PBXGroup;
			children = (
				CB4A575B2F572DBB003D3ACE /* WidgetKit.framework */,
				CB4A575D2F572DBB003D3ACE /* SwiftUI.framework */,
			);
			name = Frameworks;
			sourceTree = "<group>";
		};
/* End PBXGroup section */

/* Begin PBXNativeTarget section */
		CB0FDE1B2F502C8600F42130 /* EchoMind */ = {
			isa = PBXNativeTarget;
			buildConfigurationList = CB0FDE272F502C8700F42130 /* Build configuration list for PBXNativeTarget "EchoMind" */;
			buildPhases = (
				CB0FDE182F502C8600F42130 /* Sources */,
				CB0FDE192F502C8600F42130 /* Frameworks */,
				CB0FDE1A2F502C8600F42130 /* Resources */,
				CB4A57702F572DBC003D3ACE /* Embed Foundation Extensions */,
			);
			buildRules = (
			);
			dependencies = (
				CB4A576E2F572DBC003D3ACE /* PBXTargetDependency */,
			);
			fileSystemSynchronizedGroups = (
				CB0FDE1E2F502C8600F42130 /* EchoMind */,
			);
			name = EchoMind;
			packageProductDependencies = (
				CBBCF76B2F52137F00F68AC4 /* WhisperKit */,
				CBBCF76D2F52137F00F68AC4 /* whisperkit-cli */,
				CBBCF7702F5217B400F68AC4 /* ZIPFoundation */,
			);
			productName = EchoMind;
			productReference = CB0FDE1C2F502C8600F42130 /* EchoMind.app */;
			productType = "com.apple.product-type.application";
		};
		CB4A57582F572DBB003D3ACE /* EchoMindLiveActivityExtension */ = {
			isa = PBXNativeTarget;
			buildConfigurationList = CB4A57732F572DBC003D3ACE /* Build configuration list for PBXNativeTarget "EchoMindLiveActivityExtension" */;
			buildPhases = (
				CB4A57552F572DBB003D3ACE /* Sources */,
				CB4A57562F572DBB003D3ACE /* Frameworks */,
				CB4A57572F572DBB003D3ACE /* Resources */,
			);
			buildRules = (
			);
			dependencies = (
			);
			fileSystemSynchronizedGroups = (
				CB4A575F2F572DBB003D3ACE /* EchoMindLiveActivity */,
			);
			name = EchoMindLiveActivityExtension;
			packageProductDependencies = (
			);
			productName = EchoMindLiveActivityExtension;
			productReference = CB4A57592F572DBB003D3ACE /* EchoMindLiveActivityExtension.appex */;
			productType = "com.apple.product-type.app-extension";
		};
/* End PBXNativeTarget section */

/* Begin PBXProject section */
		CB0FDE142F502C8600F42130 /* Project object */ = {
			isa = PBXProject;
			attributes = {
				BuildIndependentTargetsInParallel = 1;
				LastSwiftUpdateCheck = 2620;
				LastUpgradeCheck = 2620;
				TargetAttributes = {
					CB0FDE1B2F502C8600F42130 = {
						CreatedOnToolsVersion = 26.2;
					};
					CB4A57582F572DBB003D3ACE = {
						CreatedOnToolsVersion = 26.2;
					};
				};
			};
			buildConfigurationList = CB0FDE172F502C8600F42130 /* Build configuration list for PBXProject "EchoMind" */;
			developmentRegion = en;
			hasScannedForEncodings = 0;
			knownRegions = (
				en,
				Base,
			);
			mainGroup = CB0FDE132F502C8600F42130;
			minimizedProjectReferenceProxies = 1;
			packageReferences = (
				CBBCF76A2F52137F00F68AC4 /* XCRemoteSwiftPackageReference "WhisperKit" */,
				CBBCF76F2F5217B400F68AC4 /* XCRemoteSwiftPackageReference "ZIPFoundation" */,
			);
			preferredProjectObjectVersion = 77;
			productRefGroup = CB0FDE1D2F502C8600F42130 /* Products */;
			projectDirPath = "";
			projectRoot = "";
			targets = (
				CB0FDE1B2F502C8600F42130 /* EchoMind */,
				CB4A57582F572DBB003D3ACE /* EchoMindLiveActivityExtension */,
			);
		};
/* End PBXProject section */

/* Begin PBXResourcesBuildPhase section */
		CB0FDE1A2F502C8600F42130 /* Resources */ = {
			isa = PBXResourcesBuildPhase;
			buildActionMask = 2147483647;
			files = (
			);
			runOnlyForDeploymentPostprocessing = 0;
		};
		CB4A57572F572DBB003D3ACE /* Resources */ = {
			isa = PBXResourcesBuildPhase;
			buildActionMask = 2147483647;
			files = (
			);
			runOnlyForDeploymentPostprocessing = 0;
		};
/* End PBXResourcesBuildPhase section */

/* Begin PBXSourcesBuildPhase section */
		CB0FDE182F502C8600F42130 /* Sources */ = {
			isa = PBXSourcesBuildPhase;
			buildActionMask = 2147483647;
			files = (
			);
			runOnlyForDeploymentPostprocessing = 0;
		};
		CB4A57552F572DBB003D3ACE /* Sources */ = {
			isa = PBXSourcesBuildPhase;
			buildActionMask = 2147483647;
			files = (
			);
			runOnlyForDeploymentPostprocessing = 0;
		};
/* End PBXSourcesBuildPhase section */

/* Begin PBXTargetDependency section */
		CB4A576E2F572DBC003D3ACE /* PBXTargetDependency */ = {
			isa = PBXTargetDependency;
			target = CB4A57582F572DBB003D3ACE /* EchoMindLiveActivityExtension */;
			targetProxy = CB4A576D2F572DBC003D3ACE /* PBXContainerItemProxy */;
		};
/* End PBXTargetDependency section */

/* Begin XCBuildConfiguration section */
		CB0FDE252F502C8700F42130 /* Debug */ = {
			isa = XCBuildConfiguration;
			buildSettings = {
				ALWAYS_SEARCH_USER_PATHS = NO;
				ASSETCATALOG_COMPILER_GENERATE_SWIFT_ASSET_SYMBOL_EXTENSIONS = YES;
				CLANG_ANALYZER_NONNULL = YES;
				CLANG_ANALYZER_NUMBER_OBJECT_CONVERSION = YES_AGGRESSIVE;
				CLANG_CXX_LANGUAGE_STANDARD = "gnu++20";
				CLANG_ENABLE_MODULES = YES;
				CLANG_ENABLE_OBJC_ARC = YES;
				CLANG_ENABLE_OBJC_WEAK = YES;
				CLANG_WARN_BLOCK_CAPTURE_AUTORELEASING = YES;
				CLANG_WARN_BOOL_CONVERSION = YES;
				CLANG_WARN_COMMA = YES;
				CLANG_WARN_CONSTANT_CONVERSION = YES;
				CLANG_WARN_DEPRECATED_OBJC_IMPLEMENTATIONS = YES;
				CLANG_WARN_DIRECT_OBJC_ISA_USAGE = YES_ERROR;
				CLANG_WARN_DOCUMENTATION_COMMENTS = YES;
				CLANG_WARN_EMPTY_BODY = YES;
				CLANG_WARN_ENUM_CONVERSION = YES;
				CLANG_WARN_INFINITE_RECURSION = YES;
				CLANG_WARN_INT_CONVERSION = YES;
				CLANG_WARN_NON_LITERAL_NULL_CONVERSION = YES;
				CLANG_WARN_OBJC_IMPLICIT_RETAIN_SELF = YES;
				CLANG_WARN_OBJC_LITERAL_CONVERSION = YES;
				CLANG_WARN_OBJC_ROOT_CLASS = YES_ERROR;
				CLANG_WARN_QUOTED_INCLUDE_IN_FRAMEWORK_HEADER = YES;
				CLANG_WARN_RANGE_LOOP_ANALYSIS = YES;
				CLANG_WARN_STRICT_PROTOTYPES = YES;
				CLANG_WARN_SUSPICIOUS_MOVE = YES;
				CLANG_WARN_UNGUARDED_AVAILABILITY = YES_AGGRESSIVE;
				CLANG_WARN_UNREACHABLE_CODE = YES;
				CLANG_WARN__DUPLICATE_METHOD_MATCH = YES;
				COPY_PHASE_STRIP = NO;
				DEBUG_INFORMATION_FORMAT = dwarf;
				DEVELOPMENT_TEAM = CB67LVHN9G;
				ENABLE_STRICT_OBJC_MSGSEND = YES;
				ENABLE_TESTABILITY = YES;
				ENABLE_USER_SCRIPT_SANDBOXING = YES;
				GCC_C_LANGUAGE_STANDARD = gnu17;
				GCC_DYNAMIC_NO_PIC = NO;
				GCC_NO_COMMON_BLOCKS = YES;
				GCC_OPTIMIZATION_LEVEL = 0;
				GCC_PREPROCESSOR_DEFINITIONS = (
					"DEBUG=1",
					"$(inherited)",
				);
				GCC_WARN_64_TO_32_BIT_CONVERSION = YES;
				GCC_WARN_ABOUT_RETURN_TYPE = YES_ERROR;
				GCC_WARN_UNDECLARED_SELECTOR = YES;
				GCC_WARN_UNINITIALIZED_AUTOS = YES_AGGRESSIVE;
				GCC_WARN_UNUSED_FUNCTION = YES;
				GCC_WARN_UNUSED_VARIABLE = YES;
				GENERATE_INFOPLIST_FILE = YES;
				IPHONEOS_DEPLOYMENT_TARGET = 26.2;
				LOCALIZATION_PREFERS_STRING_CATALOGS = YES;
				MTL_ENABLE_DEBUG_INFO = INCLUDE_SOURCE;
				MTL_FAST_MATH = YES;
				ONLY_ACTIVE_ARCH = YES;
				SDKROOT = iphoneos;
				SWIFT_ACTIVE_COMPILATION_CONDITIONS = "DEBUG $(inherited)";
				SWIFT_OPTIMIZATION_LEVEL = "-Onone";
			};
			name = Debug;
		};
		CB0FDE262F502C8700F42130 /* Release */ = {
			isa = XCBuildConfiguration;
			buildSettings = {
				ALWAYS_SEARCH_USER_PATHS = NO;
				ASSETCATALOG_COMPILER_GENERATE_SWIFT_ASSET_SYMBOL_EXTENSIONS = YES;
				CLANG_ANALYZER_NONNULL = YES;
				CLANG_ANALYZER_NUMBER_OBJECT_CONVERSION = YES_AGGRESSIVE;
				CLANG_CXX_LANGUAGE_STANDARD = "gnu++20";
				CLANG_ENABLE_MODULES = YES;
				CLANG_ENABLE_OBJC_ARC = YES;
				CLANG_ENABLE_OBJC_WEAK = YES;
				CLANG_WARN_BLOCK_CAPTURE_AUTORELEASING = YES;
				CLANG_WARN_BOOL_CONVERSION = YES;
				CLANG_WARN_COMMA = YES;
				CLANG_WARN_CONSTANT_CONVERSION = YES;
				CLANG_WARN_DEPRECATED_OBJC_IMPLEMENTATIONS = YES;
				CLANG_WARN_DIRECT_OBJC_ISA_USAGE = YES_ERROR;
				CLANG_WARN_DOCUMENTATION_COMMENTS = YES;
				CLANG_WARN_EMPTY_BODY = YES;
				CLANG_WARN_ENUM_CONVERSION = YES;
				CLANG_WARN_INFINITE_RECURSION = YES;
				CLANG_WARN_INT_CONVERSION = YES;
				CLANG_WARN_NON_LITERAL_NULL_CONVERSION = YES;
				CLANG_WARN_OBJC_IMPLICIT_RETAIN_SELF = YES;
				CLANG_WARN_OBJC_LITERAL_CONVERSION = YES;
				CLANG_WARN_OBJC_ROOT_CLASS = YES_ERROR;
				CLANG_WARN_QUOTED_INCLUDE_IN_FRAMEWORK_HEADER = YES;
				CLANG_WARN_RANGE_LOOP_ANALYSIS = YES;
				CLANG_WARN_STRICT_PROTOTYPES = YES;
				CLANG_WARN_SUSPICIOUS_MOVE = YES;
				CLANG_WARN_UNGUARDED_AVAILABILITY = YES_AGGRESSIVE;
				CLANG_WARN_UNREACHABLE_CODE = YES;
				CLANG_WARN__DUPLICATE_METHOD_MATCH = YES;
				COPY_PHASE_STRIP = NO;
				DEBUG_INFORMATION_FORMAT = "dwarf-with-dsym";
				DEVELOPMENT_TEAM = CB67LVHN9G;
				ENABLE_NS_ASSERTIONS = NO;
				ENABLE_STRICT_OBJC_MSGSEND = YES;
				ENABLE_USER_SCRIPT_SANDBOXING = YES;
				GCC_C_LANGUAGE_STANDARD = gnu17;
				GCC_NO_COMMON_BLOCKS = YES;
				GCC_WARN_64_TO_32_BIT_CONVERSION = YES;
				GCC_WARN_ABOUT_RETURN_TYPE = YES_ERROR;
				GCC_WARN_UNDECLARED_SELECTOR = YES;
				GCC_WARN_UNINITIALIZED_AUTOS = YES_AGGRESSIVE;
				GCC_WARN_UNUSED_FUNCTION = YES;
				GCC_WARN_UNUSED_VARIABLE = YES;
				GENERATE_INFOPLIST_FILE = YES;
				IPHONEOS_DEPLOYMENT_TARGET = 26.2;
				LOCALIZATION_PREFERS_STRING_CATALOGS = YES;
				MTL_ENABLE_DEBUG_INFO = NO;
				MTL_FAST_MATH = YES;
				SDKROOT = iphoneos;
				SWIFT_COMPILATION_MODE = wholemodule;
				VALIDATE_PRODUCT = YES;
			};
			name = Release;
		};
		CB0FDE282F502C8700F42130 /* Debug */ = {
			isa = XCBuildConfiguration;
			buildSettings = {
				ASSETCATALOG_COMPILER_APPICON_NAME = AppIcon;
				ASSETCATALOG_COMPILER_GLOBAL_ACCENT_COLOR_NAME = AccentColor;
				CODE_SIGN_ENTITLEMENTS = EchoMind/EchoMind.entitlements;
				CODE_SIGN_STYLE = Automatic;
				CURRENT_PROJECT_VERSION = 1;
				DEVELOPMENT_TEAM = CB67LVHN9G;
				ENABLE_PREVIEWS = YES;
				GENERATE_INFOPLIST_FILE = YES;
				INFOPLIST_FILE = EchoMind/Info.plist;
				INFOPLIST_KEY_CFBundleDisplayName = EchoMind;
				INFOPLIST_KEY_LSApplicationCategoryType = "public.app-category.productivity";
				INFOPLIST_KEY_NSMicrophoneUsageDescription = "We need microphone access to record your voice notes.";
				INFOPLIST_KEY_NSSiriUsageDescription = "EchoMind has features that work with \"Hey Siri\".";
				INFOPLIST_KEY_NSSpeechRecognitionUsageDescription = "EchoMind uses speech recognition to convert your voice recordings into text on your device.";
				INFOPLIST_KEY_NSSupportsLiveActivities = YES;
				INFOPLIST_KEY_UIApplicationSceneManifest_Generation = YES;
				INFOPLIST_KEY_UIApplicationSupportsIndirectInputEvents = YES;
				INFOPLIST_KEY_UILaunchScreen_Generation = YES;
				INFOPLIST_KEY_UISupportedInterfaceOrientations = UIInterfaceOrientationPortrait;
				INFOPLIST_KEY_UISupportedInterfaceOrientations_iPad = "UIInterfaceOrientationLandscapeLeft UIInterfaceOrientationLandscapeRight UIInterfaceOrientationPortrait UIInterfaceOrientationPortraitUpsideDown";
				IPHONEOS_DEPLOYMENT_TARGET = 26.0;
				LD_RUNPATH_SEARCH_PATHS = (
					"$(inherited)",
					"@executable_path/Frameworks",
				);
				MARKETING_VERSION = 1.0;
				PRODUCT_BUNDLE_IDENTIFIER = com.sashastepanov.EchoMind;
				PRODUCT_NAME = "$(TARGET_NAME)";
				STRING_CATALOG_GENERATE_SYMBOLS = YES;
				SWIFT_APPROACHABLE_CONCURRENCY = YES;
				SWIFT_DEFAULT_ACTOR_ISOLATION = MainActor;
				SWIFT_EMIT_LOC_STRINGS = YES;
				SWIFT_UPCOMING_FEATURE_MEMBER_IMPORT_VISIBILITY = YES;
				SWIFT_VERSION = 5.0;
				TARGETED_DEVICE_FAMILY = "1,2";
			};
			name = Debug;
		};
		CB0FDE292F502C8700F42130 /* Release */ = {
			isa = XCBuildConfiguration;
			buildSettings = {
				ASSETCATALOG_COMPILER_APPICON_NAME = AppIcon;
				ASSETCATALOG_COMPILER_GLOBAL_ACCENT_COLOR_NAME = AccentColor;
				CODE_SIGN_ENTITLEMENTS = EchoMind/EchoMind.entitlements;
				CODE_SIGN_STYLE = Automatic;
				CURRENT_PROJECT_VERSION = 1;
				DEVELOPMENT_TEAM = CB67LVHN9G;
				ENABLE_PREVIEWS = YES;
				GENERATE_INFOPLIST_FILE = YES;
				INFOPLIST_FILE = EchoMind/Info.plist;
				INFOPLIST_KEY_CFBundleDisplayName = EchoMind;
				INFOPLIST_KEY_LSApplicationCategoryType = "public.app-category.productivity";
				INFOPLIST_KEY_NSMicrophoneUsageDescription = "We need microphone access to record your voice notes.";
				INFOPLIST_KEY_NSSiriUsageDescription = "EchoMind has features that work with \"Hey Siri\".";
				INFOPLIST_KEY_NSSpeechRecognitionUsageDescription = "EchoMind uses speech recognition to convert your voice recordings into text on your device.";
				INFOPLIST_KEY_NSSupportsLiveActivities = YES;
				INFOPLIST_KEY_UIApplicationSceneManifest_Generation = YES;
				INFOPLIST_KEY_UIApplicationSupportsIndirectInputEvents = YES;
				INFOPLIST_KEY_UILaunchScreen_Generation = YES;
				INFOPLIST_KEY_UISupportedInterfaceOrientations = UIInterfaceOrientationPortrait;
				INFOPLIST_KEY_UISupportedInterfaceOrientations_iPad = "UIInterfaceOrientationLandscapeLeft UIInterfaceOrientationLandscapeRight UIInterfaceOrientationPortrait UIInterfaceOrientationPortraitUpsideDown";
				IPHONEOS_DEPLOYMENT_TARGET = 26.0;
				LD_RUNPATH_SEARCH_PATHS = (
					"$(inherited)",
					"@executable_path/Frameworks",
				);
				MARKETING_VERSION = 1.0;
				PRODUCT_BUNDLE_IDENTIFIER = com.sashastepanov.EchoMind;
				PRODUCT_NAME = "$(TARGET_NAME)";
				STRING_CATALOG_GENERATE_SYMBOLS = YES;
				SWIFT_APPROACHABLE_CONCURRENCY = YES;
				SWIFT_DEFAULT_ACTOR_ISOLATION = MainActor;
				SWIFT_EMIT_LOC_STRINGS = YES;
				SWIFT_UPCOMING_FEATURE_MEMBER_IMPORT_VISIBILITY = YES;
				SWIFT_VERSION = 5.0;
				TARGETED_DEVICE_FAMILY = "1,2";
			};
			name = Release;
		};
		CB4A57712F572DBC003D3ACE /* Debug */ = {
			isa = XCBuildConfiguration;
			buildSettings = {
				ASSETCATALOG_COMPILER_GLOBAL_ACCENT_COLOR_NAME = AccentColor;
				ASSETCATALOG_COMPILER_WIDGET_BACKGROUND_COLOR_NAME = WidgetBackground;
				CODE_SIGN_STYLE = Automatic;
				CURRENT_PROJECT_VERSION = 1;
				DEVELOPMENT_TEAM = CB67LVHN9G;
				GENERATE_INFOPLIST_FILE = YES;
				INFOPLIST_FILE = EchoMindLiveActivity/Info.plist;
				INFOPLIST_KEY_CFBundleDisplayName = EchoMindLiveActivity;
				INFOPLIST_KEY_NSHumanReadableCopyright = "";
				IPHONEOS_DEPLOYMENT_TARGET = 26.0;
				LD_RUNPATH_SEARCH_PATHS = (
					"$(inherited)",
					"@executable_path/Frameworks",
					"@executable_path/../../Frameworks",
				);
				MARKETING_VERSION = 1.0;
				PRODUCT_BUNDLE_IDENTIFIER = com.sashastepanov.EchoMind.EchoMindLiveActivity;
				PRODUCT_NAME = "$(TARGET_NAME)";
				SKIP_INSTALL = YES;
				STRING_CATALOG_GENERATE_SYMBOLS = YES;
				SWIFT_APPROACHABLE_CONCURRENCY = YES;
				SWIFT_EMIT_LOC_STRINGS = YES;
				SWIFT_UPCOMING_FEATURE_MEMBER_IMPORT_VISIBILITY = YES;
				SWIFT_VERSION = 5.0;
				TARGETED_DEVICE_FAMILY = "1,2";
			};
			name = Debug;
		};
		CB4A57722F572DBC003D3ACE /* Release */ = {
			isa = XCBuildConfiguration;
			buildSettings = {
				ASSETCATALOG_COMPILER_GLOBAL_ACCENT_COLOR_NAME = AccentColor;
				ASSETCATALOG_COMPILER_WIDGET_BACKGROUND_COLOR_NAME = WidgetBackground;
				CODE_SIGN_STYLE = Automatic;
				CURRENT_PROJECT_VERSION = 1;
				DEVELOPMENT_TEAM = CB67LVHN9G;
				GENERATE_INFOPLIST_FILE = YES;
				INFOPLIST_FILE = EchoMindLiveActivity/Info.plist;
				INFOPLIST_KEY_CFBundleDisplayName = EchoMindLiveActivity;
				INFOPLIST_KEY_NSHumanReadableCopyright = "";
				IPHONEOS_DEPLOYMENT_TARGET = 26.0;
				LD_RUNPATH_SEARCH_PATHS = (
					"$(inherited)",
					"@executable_path/Frameworks",
					"@executable_path/../../Frameworks",
				);
				MARKETING_VERSION = 1.0;
				PRODUCT_BUNDLE_IDENTIFIER = com.sashastepanov.EchoMind.EchoMindLiveActivity;
				PRODUCT_NAME = "$(TARGET_NAME)";
				SKIP_INSTALL = YES;
				STRING_CATALOG_GENERATE_SYMBOLS = YES;
				SWIFT_APPROACHABLE_CONCURRENCY = YES;
				SWIFT_EMIT_LOC_STRINGS = YES;
				SWIFT_UPCOMING_FEATURE_MEMBER_IMPORT_VISIBILITY = YES;
				SWIFT_VERSION = 5.0;
				TARGETED_DEVICE_FAMILY = "1,2";
			};
			name = Release;
		};
/* End XCBuildConfiguration section */

/* Begin XCConfigurationList section */
		CB0FDE172F502C8600F42130 /* Build configuration list for PBXProject "EchoMind" */ = {
			isa = XCConfigurationList;
			buildConfigurations = (
				CB0FDE252F502C8700F42130 /* Debug */,
				CB0FDE262F502C8700F42130 /* Release */,
			);
			defaultConfigurationIsVisible = 0;
			defaultConfigurationName = Release;
		};
		CB0FDE272F502C8700F42130 /* Build configuration list for PBXNativeTarget "EchoMind" */ = {
			isa = XCConfigurationList;
			buildConfigurations = (
				CB0FDE282F502C8700F42130 /* Debug */,
				CB0FDE292F502C8700F42130 /* Release */,
			);
			defaultConfigurationIsVisible = 0;
			defaultConfigurationName = Release;
		};
		CB4A57732F572DBC003D3ACE /* Build configuration list for PBXNativeTarget "EchoMindLiveActivityExtension" */ = {
			isa = XCConfigurationList;
			buildConfigurations = (
				CB4A57712F572DBC003D3ACE /* Debug */,
				CB4A57722F572DBC003D3ACE /* Release */,
			);
			defaultConfigurationIsVisible = 0;
			defaultConfigurationName = Release;
		};
/* End XCConfigurationList section */

/* Begin XCRemoteSwiftPackageReference section */
		CBBCF76A2F52137F00F68AC4 /* XCRemoteSwiftPackageReference "WhisperKit" */ = {
			isa = XCRemoteSwiftPackageReference;
			repositoryURL = "https://github.com/argmaxinc/WhisperKit";
			requirement = {
				branch = main;
				kind = branch;
			};
		};
		CBBCF76F2F5217B400F68AC4 /* XCRemoteSwiftPackageReference "ZIPFoundation" */ = {
			isa = XCRemoteSwiftPackageReference;
			repositoryURL = "https://github.com/weichsel/ZIPFoundation";
			requirement = {
				kind = upToNextMajorVersion;
				minimumVersion = 0.9.20;
			};
		};
/* End XCRemoteSwiftPackageReference section */

/* Begin XCSwiftPackageProductDependency section */
		CBBCF76B2F52137F00F68AC4 /* WhisperKit */ = {
			isa = XCSwiftPackageProductDependency;
			package = CBBCF76A2F52137F00F68AC4 /* XCRemoteSwiftPackageReference "WhisperKit" */;
			productName = WhisperKit;
		};
		CBBCF76D2F52137F00F68AC4 /* whisperkit-cli */ = {
			isa = XCSwiftPackageProductDependency;
			package = CBBCF76A2F52137F00F68AC4 /* XCRemoteSwiftPackageReference "WhisperKit" */;
			productName = "whisperkit-cli";
		};
		CBBCF7702F5217B400F68AC4 /* ZIPFoundation */ = {
			isa = XCSwiftPackageProductDependency;
			package = CBBCF76F2F5217B400F68AC4 /* XCRemoteSwiftPackageReference "ZIPFoundation" */;
			productName = ZIPFoundation;
		};
/* End XCSwiftPackageProductDependency section */
	};
	rootObject = CB0FDE142F502C8600F42130 /* Project object */;
}
